// !$*UTF8*$!
{
	archiveVersion = 1;
	classes = {
	};
	objectVersion = 50;
	objects = {

/* Begin PBXBuildFile section */
		8363A4DF23462043007AFB51 /* AppDelegate.swift in Sources */ = {isa = PBXBuildFile; fileRef = 8363A4DE23462043007AFB51 /* AppDelegate.swift */; };
		8363A4E123462043007AFB51 /* SceneDelegate.swift in Sources */ = {isa = PBXBuildFile; fileRef = 8363A4E023462043007AFB51 /* SceneDelegate.swift */; };
		8363A4E323462043007AFB51 /* ViewController.swift in Sources */ = {isa = PBXBuildFile; fileRef = 8363A4E223462043007AFB51 /* ViewController.swift */; };
		8363A4E623462043007AFB51 /* Main.storyboard in Resources */ = {isa = PBXBuildFile; fileRef = 8363A4E423462043007AFB51 /* Main.storyboard */; };
		8363A4E82346204A007AFB51 /* Assets.xcassets in Resources */ = {isa = PBXBuildFile; fileRef = 8363A4E72346204A007AFB51 /* Assets.xcassets */; };
		8363A4EB2346204A007AFB51 /* LaunchScreen.storyboard in Resources */ = {isa = PBXBuildFile; fileRef = 8363A4E92346204A007AFB51 /* LaunchScreen.storyboard */; };
		838B989C234B67B300B1E825 /* DetailPostViewController.swift in Sources */ = {isa = PBXBuildFile; fileRef = 838B989B234B67B300B1E825 /* DetailPostViewController.swift */; };
		838B989E234B917900B1E825 /* EditPostViewController.swift in Sources */ = {isa = PBXBuildFile; fileRef = 838B989D234B917900B1E825 /* EditPostViewController.swift */; };
		8394706C234A4C16004267C9 /* AddPostViewController.swift in Sources */ = {isa = PBXBuildFile; fileRef = 8394706B234A4C16004267C9 /* AddPostViewController.swift */; };
		8394706F234A501A004267C9 /* Post.swift in Sources */ = {isa = PBXBuildFile; fileRef = 8394706E234A501A004267C9 /* Post.swift */; };
		83A4A4BB2347A3780075CE7F /* TableViewExtension.swift in Sources */ = {isa = PBXBuildFile; fileRef = 83A4A4BA2347A3780075CE7F /* TableViewExtension.swift */; };
		83AEA734234781ED001ED7C6 /* AddRepostTableViewCell.swift in Sources */ = {isa = PBXBuildFile; fileRef = 83AEA732234781ED001ED7C6 /* AddRepostTableViewCell.swift */; };
		83AEA735234781ED001ED7C6 /* AddRepostTableViewCell.xib in Resources */ = {isa = PBXBuildFile; fileRef = 83AEA733234781ED001ED7C6 /* AddRepostTableViewCell.xib */; };
		83AEA73823478280001ED7C6 /* RepostTableViewCell.swift in Sources */ = {isa = PBXBuildFile; fileRef = 83AEA73623478280001ED7C6 /* RepostTableViewCell.swift */; };
		83AEA73923478280001ED7C6 /* RepostTableViewCell.xib in Resources */ = {isa = PBXBuildFile; fileRef = 83AEA73723478280001ED7C6 /* RepostTableViewCell.xib */; };
		83AEA73C2347974F001ED7C6 /* User.swift in Sources */ = {isa = PBXBuildFile; fileRef = 83AEA73B2347974F001ED7C6 /* User.swift */; };
/* End PBXBuildFile section */

/* Begin PBXFileReference section */
		8363A4DB23462043007AFB51 /* Homework.app */ = {isa = PBXFileReference; explicitFileType = wrapper.application; includeInIndex = 0; path = Homework.app; sourceTree = BUILT_PRODUCTS_DIR; };
		8363A4DE23462043007AFB51 /* AppDelegate.swift */ = {isa = PBXFileReference; lastKnownFileType = sourcecode.swift; path = AppDelegate.swift; sourceTree = "<group>"; };
		8363A4E023462043007AFB51 /* SceneDelegate.swift */ = {isa = PBXFileReference; lastKnownFileType = sourcecode.swift; path = SceneDelegate.swift; sourceTree = "<group>"; };
		8363A4E223462043007AFB51 /* ViewController.swift */ = {isa = PBXFileReference; lastKnownFileType = sourcecode.swift; path = ViewController.swift; sourceTree = "<group>"; };
		8363A4E523462043007AFB51 /* Base */ = {isa = PBXFileReference; lastKnownFileType = file.storyboard; name = Base; path = Base.lproj/Main.storyboard; sourceTree = "<group>"; };
		8363A4E72346204A007AFB51 /* Assets.xcassets */ = {isa = PBXFileReference; lastKnownFileType = folder.assetcatalog; path = Assets.xcassets; sourceTree = "<group>"; };
		8363A4EA2346204A007AFB51 /* Base */ = {isa = PBXFileReference; lastKnownFileType = file.storyboard; name = Base; path = Base.lproj/LaunchScreen.storyboard; sourceTree = "<group>"; };
		8363A4EC2346204A007AFB51 /* Info.plist */ = {isa = PBXFileReference; lastKnownFileType = text.plist.xml; path = Info.plist; sourceTree = "<group>"; };
		838B989B234B67B300B1E825 /* DetailPostViewController.swift */ = {isa = PBXFileReference; lastKnownFileType = sourcecode.swift; path = DetailPostViewController.swift; sourceTree = "<group>"; };
		838B989D234B917900B1E825 /* EditPostViewController.swift */ = {isa = PBXFileReference; lastKnownFileType = sourcecode.swift; path = EditPostViewController.swift; sourceTree = "<group>"; };
		8394706B234A4C16004267C9 /* AddPostViewController.swift */ = {isa = PBXFileReference; lastKnownFileType = sourcecode.swift; path = AddPostViewController.swift; sourceTree = "<group>"; };
		8394706E234A501A004267C9 /* Post.swift */ = {isa = PBXFileReference; lastKnownFileType = sourcecode.swift; path = Post.swift; sourceTree = "<group>"; };
		83A4A4BA2347A3780075CE7F /* TableViewExtension.swift */ = {isa = PBXFileReference; lastKnownFileType = sourcecode.swift; path = TableViewExtension.swift; sourceTree = "<group>"; };
		83AEA732234781ED001ED7C6 /* AddRepostTableViewCell.swift */ = {isa = PBXFileReference; lastKnownFileType = sourcecode.swift; path = AddRepostTableViewCell.swift; sourceTree = "<group>"; };
		83AEA733234781ED001ED7C6 /* AddRepostTableViewCell.xib */ = {isa = PBXFileReference; lastKnownFileType = file.xib; path = AddRepostTableViewCell.xib; sourceTree = "<group>"; };
		83AEA73623478280001ED7C6 /* RepostTableViewCell.swift */ = {isa = PBXFileReference; lastKnownFileType = sourcecode.swift; path = RepostTableViewCell.swift; sourceTree = "<group>"; };
		83AEA73723478280001ED7C6 /* RepostTableViewCell.xib */ = {isa = PBXFileReference; lastKnownFileType = file.xib; path = RepostTableViewCell.xib; sourceTree = "<group>"; };
		83AEA73B2347974F001ED7C6 /* User.swift */ = {isa = PBXFileReference; lastKnownFileType = sourcecode.swift; path = User.swift; sourceTree = "<group>"; };
/* End PBXFileReference section */

/* Begin PBXFrameworksBuildPhase section */
		8363A4D823462043007AFB51 /* Frameworks */ = {
			isa = PBXFrameworksBuildPhase;
			buildActionMask = 2147483647;
			files = (
			);
			runOnlyForDeploymentPostprocessing = 0;
		};
/* End PBXFrameworksBuildPhase section */

/* Begin PBXGroup section */
		8363A4D223462043007AFB51 = {
			isa = PBXGroup;
			children = (
				8363A4DD23462043007AFB51 /* Homework */,
				8363A4DC23462043007AFB51 /* Products */,
			);
			sourceTree = "<group>";
		};
		8363A4DC23462043007AFB51 /* Products */ = {
			isa = PBXGroup;
			children = (
				8363A4DB23462043007AFB51 /* Homework.app */,
			);
			name = Products;
			sourceTree = "<group>";
		};
		8363A4DD23462043007AFB51 /* Homework */ = {
			isa = PBXGroup;
			children = (
				83AEA73A2347973C001ED7C6 /* Models */,
				83AEA72D234780C5001ED7C6 /* Cells */,
				8394706D234A4C20004267C9 /* Controllers */,
				8363A4DE23462043007AFB51 /* AppDelegate.swift */,
				8363A4E023462043007AFB51 /* SceneDelegate.swift */,
				8363A4E423462043007AFB51 /* Main.storyboard */,
				8363A4E72346204A007AFB51 /* Assets.xcassets */,
				8363A4E92346204A007AFB51 /* LaunchScreen.storyboard */,
				8363A4EC2346204A007AFB51 /* Info.plist */,
				83A4A4BA2347A3780075CE7F /* TableViewExtension.swift */,
			);
			path = Homework;
			sourceTree = "<group>";
		};
		8394706D234A4C20004267C9 /* Controllers */ = {
			isa = PBXGroup;
			children = (
				8363A4E223462043007AFB51 /* ViewController.swift */,
				8394706B234A4C16004267C9 /* AddPostViewController.swift */,
				838B989B234B67B300B1E825 /* DetailPostViewController.swift */,
				838B989D234B917900B1E825 /* EditPostViewController.swift */,
			);
			path = Controllers;
			sourceTree = "<group>";
		};
		83AEA72D234780C5001ED7C6 /* Cells */ = {
			isa = PBXGroup;
			children = (
				83AEA732234781ED001ED7C6 /* AddRepostTableViewCell.swift */,
				83AEA733234781ED001ED7C6 /* AddRepostTableViewCell.xib */,
				83AEA73623478280001ED7C6 /* RepostTableViewCell.swift */,
				83AEA73723478280001ED7C6 /* RepostTableViewCell.xib */,
			);
			path = Cells;
			sourceTree = "<group>";
		};
		83AEA73A2347973C001ED7C6 /* Models */ = {
			isa = PBXGroup;
			children = (
				83AEA73B2347974F001ED7C6 /* User.swift */,
				8394706E234A501A004267C9 /* Post.swift */,
			);
			path = Models;
			sourceTree = "<group>";
		};
/* End PBXGroup section */

/* Begin PBXNativeTarget section */
		8363A4DA23462043007AFB51 /* Homework */ = {
			isa = PBXNativeTarget;
			buildConfigurationList = 8363A4EF2346204A007AFB51 /* Build configuration list for PBXNativeTarget "Homework" */;
			buildPhases = (
				8363A4D723462043007AFB51 /* Sources */,
				8363A4D823462043007AFB51 /* Frameworks */,
				8363A4D923462043007AFB51 /* Resources */,
			);
			buildRules = (
			);
			dependencies = (
			);
			name = Homework;
			productName = Homework;
			productReference = 8363A4DB23462043007AFB51 /* Homework.app */;
			productType = "com.apple.product-type.application";
		};
/* End PBXNativeTarget section */

/* Begin PBXProject section */
		8363A4D323462043007AFB51 /* Project object */ = {
			isa = PBXProject;
			attributes = {
				LastSwiftUpdateCheck = 1100;
				LastUpgradeCheck = 1100;
				ORGANIZATIONNAME = "Роман Шуркин";
				TargetAttributes = {
					8363A4DA23462043007AFB51 = {
						CreatedOnToolsVersion = 11.0;
					};
				};
			};
			buildConfigurationList = 8363A4D623462043007AFB51 /* Build configuration list for PBXProject "Homework" */;
			compatibilityVersion = "Xcode 9.3";
			developmentRegion = en;
			hasScannedForEncodings = 0;
			knownRegions = (
				en,
				Base,
			);
			mainGroup = 8363A4D223462043007AFB51;
			productRefGroup = 8363A4DC23462043007AFB51 /* Products */;
			projectDirPath = "";
			projectRoot = "";
			targets = (
				8363A4DA23462043007AFB51 /* Homework */,
			);
		};
/* End PBXProject section */

/* Begin PBXResourcesBuildPhase section */
		8363A4D923462043007AFB51 /* Resources */ = {
			isa = PBXResourcesBuildPhase;
			buildActionMask = 2147483647;
			files = (
				83AEA735234781ED001ED7C6 /* AddRepostTableViewCell.xib in Resources */,
				8363A4EB2346204A007AFB51 /* LaunchScreen.storyboard in Resources */,
				83AEA73923478280001ED7C6 /* RepostTableViewCell.xib in Resources */,
				8363A4E82346204A007AFB51 /* Assets.xcassets in Resources */,
				8363A4E623462043007AFB51 /* Main.storyboard in Resources */,
			);
			runOnlyForDeploymentPostprocessing = 0;
		};
/* End PBXResourcesBuildPhase section */

/* Begin PBXSourcesBuildPhase section */
		8363A4D723462043007AFB51 /* Sources */ = {
			isa = PBXSourcesBuildPhase;
			buildActionMask = 2147483647;
			files = (
				8363A4E323462043007AFB51 /* ViewController.swift in Sources */,
				8394706C234A4C16004267C9 /* AddPostViewController.swift in Sources */,
				83AEA734234781ED001ED7C6 /* AddRepostTableViewCell.swift in Sources */,
				83A4A4BB2347A3780075CE7F /* TableViewExtension.swift in Sources */,
				83AEA73C2347974F001ED7C6 /* User.swift in Sources */,
				83AEA73823478280001ED7C6 /* RepostTableViewCell.swift in Sources */,
				8363A4DF23462043007AFB51 /* AppDelegate.swift in Sources */,
				8363A4E123462043007AFB51 /* SceneDelegate.swift in Sources */,
				838B989C234B67B300B1E825 /* DetailPostViewController.swift in Sources */,
				838B989E234B917900B1E825 /* EditPostViewController.swift in Sources */,
				8394706F234A501A004267C9 /* Post.swift in Sources */,
			);
			runOnlyForDeploymentPostprocessing = 0;
		};
/* End PBXSourcesBuildPhase section */

/* Begin PBXVariantGroup section */
		8363A4E423462043007AFB51 /* Main.storyboard */ = {
			isa = PBXVariantGroup;
			children = (
				8363A4E523462043007AFB51 /* Base */,
			);
			name = Main.storyboard;
			sourceTree = "<group>";
		};
		8363A4E92346204A007AFB51 /* LaunchScreen.storyboard */ = {
			isa = PBXVariantGroup;
			children = (
				8363A4EA2346204A007AFB51 /* Base */,
			);
			name = LaunchScreen.storyboard;
			sourceTree = "<group>";
		};
/* End PBXVariantGroup section */

/* Begin XCBuildConfiguration section */
		8363A4ED2346204A007AFB51 /* Debug */ = {
			isa = XCBuildConfiguration;
			buildSettings = {
				ALWAYS_SEARCH_USER_PATHS = NO;
				CLANG_ANALYZER_NONNULL = YES;
				CLANG_ANALYZER_NUMBER_OBJECT_CONVERSION = YES_AGGRESSIVE;
				CLANG_CXX_LANGUAGE_STANDARD = "gnu++14";
				CLANG_CXX_LIBRARY = "libc++";
				CLANG_ENABLE_MODULES = YES;
				CLANG_ENABLE_OBJC_ARC = YES;
				CLANG_ENABLE_OBJC_WEAK = YES;
				CLANG_WARN_BLOCK_CAPTURE_AUTORELEASING = YES;
				CLANG_WARN_BOOL_CONVERSION = YES;
				CLANG_WARN_COMMA = YES;
				CLANG_WARN_CONSTANT_CONVERSION = YES;
				CLANG_WARN_DEPRECATED_OBJC_IMPLEMENTATIONS = YES;
				CLANG_WARN_DIRECT_OBJC_ISA_USAGE = YES_ERROR;
				CLANG_WARN_DOCUMENTATION_COMMENTS = YES;
				CLANG_WARN_EMPTY_BODY = YES;
				CLANG_WARN_ENUM_CONVERSION = YES;
				CLANG_WARN_INFINITE_RECURSION = YES;
				CLANG_WARN_INT_CONVERSION = YES;
				CLANG_WARN_NON_LITERAL_NULL_CONVERSION = YES;
				CLANG_WARN_OBJC_IMPLICIT_RETAIN_SELF = YES;
				CLANG_WARN_OBJC_LITERAL_CONVERSION = YES;
				CLANG_WARN_OBJC_ROOT_CLASS = YES_ERROR;
				CLANG_WARN_RANGE_LOOP_ANALYSIS = YES;
				CLANG_WARN_STRICT_PROTOTYPES = YES;
				CLANG_WARN_SUSPICIOUS_MOVE = YES;
				CLANG_WARN_UNGUARDED_AVAILABILITY = YES_AGGRESSIVE;
				CLANG_WARN_UNREACHABLE_CODE = YES;
				CLANG_WARN__DUPLICATE_METHOD_MATCH = YES;
				COPY_PHASE_STRIP = NO;
				DEBUG_INFORMATION_FORMAT = dwarf;
				ENABLE_STRICT_OBJC_MSGSEND = YES;
				ENABLE_TESTABILITY = YES;
				GCC_C_LANGUAGE_STANDARD = gnu11;
				GCC_DYNAMIC_NO_PIC = NO;
				GCC_NO_COMMON_BLOCKS = YES;
				GCC_OPTIMIZATION_LEVEL = 0;
				GCC_PREPROCESSOR_DEFINITIONS = (
					"DEBUG=1",
					"$(inherited)",
				);
				GCC_WARN_64_TO_32_BIT_CONVERSION = YES;
				GCC_WARN_ABOUT_RETURN_TYPE = YES_ERROR;
				GCC_WARN_UNDECLARED_SELECTOR = YES;
				GCC_WARN_UNINITIALIZED_AUTOS = YES_AGGRESSIVE;
				GCC_WARN_UNUSED_FUNCTION = YES;
				GCC_WARN_UNUSED_VARIABLE = YES;
				IPHONEOS_DEPLOYMENT_TARGET = 13.0;
				MTL_ENABLE_DEBUG_INFO = INCLUDE_SOURCE;
				MTL_FAST_MATH = YES;
				ONLY_ACTIVE_ARCH = YES;
				SDKROOT = iphoneos;
				SWIFT_ACTIVE_COMPILATION_CONDITIONS = DEBUG;
				SWIFT_OPTIMIZATION_LEVEL = "-Onone";
			};
			name = Debug;
		};
		8363A4EE2346204A007AFB51 /* Release */ = {
			isa = XCBuildConfiguration;
			buildSettings = {
				ALWAYS_SEARCH_USER_PATHS = NO;
				CLANG_ANALYZER_NONNULL = YES;
				CLANG_ANALYZER_NUMBER_OBJECT_CONVERSION = YES_AGGRESSIVE;
				CLANG_CXX_LANGUAGE_STANDARD = "gnu++14";
				CLANG_CXX_LIBRARY = "libc++";
				CLANG_ENABLE_MODULES = YES;
				CLANG_ENABLE_OBJC_ARC = YES;
				CLANG_ENABLE_OBJC_WEAK = YES;
				CLANG_WARN_BLOCK_CAPTURE_AUTORELEASING = YES;
				CLANG_WARN_BOOL_CONVERSION = YES;
				CLANG_WARN_COMMA = YES;
				CLANG_WARN_CONSTANT_CONVERSION = YES;
				CLANG_WARN_DEPRECATED_OBJC_IMPLEMENTATIONS = YES;
				CLANG_WARN_DIRECT_OBJC_ISA_USAGE = YES_ERROR;
				CLANG_WARN_DOCUMENTATION_COMMENTS = YES;
				CLANG_WARN_EMPTY_BODY = YES;
				CLANG_WARN_ENUM_CONVERSION = YES;
				CLANG_WARN_INFINITE_RECURSION = YES;
				CLANG_WARN_INT_CONVERSION = YES;
				CLANG_WARN_NON_LITERAL_NULL_CONVERSION = YES;
				CLANG_WARN_OBJC_IMPLICIT_RETAIN_SELF = YES;
				CLANG_WARN_OBJC_LITERAL_CONVERSION = YES;
				CLANG_WARN_OBJC_ROOT_CLASS = YES_ERROR;
				CLANG_WARN_RANGE_LOOP_ANALYSIS = YES;
				CLANG_WARN_STRICT_PROTOTYPES = YES;
				CLANG_WARN_SUSPICIOUS_MOVE = YES;
				CLANG_WARN_UNGUARDED_AVAILABILITY = YES_AGGRESSIVE;
				CLANG_WARN_UNREACHABLE_CODE = YES;
				CLANG_WARN__DUPLICATE_METHOD_MATCH = YES;
				COPY_PHASE_STRIP = NO;
				DEBUG_INFORMATION_FORMAT = "dwarf-with-dsym";
				ENABLE_NS_ASSERTIONS = NO;
				ENABLE_STRICT_OBJC_MSGSEND = YES;
				GCC_C_LANGUAGE_STANDARD = gnu11;
				GCC_NO_COMMON_BLOCKS = YES;
				GCC_WARN_64_TO_32_BIT_CONVERSION = YES;
				GCC_WARN_ABOUT_RETURN_TYPE = YES_ERROR;
				GCC_WARN_UNDECLARED_SELECTOR = YES;
				GCC_WARN_UNINITIALIZED_AUTOS = YES_AGGRESSIVE;
				GCC_WARN_UNUSED_FUNCTION = YES;
				GCC_WARN_UNUSED_VARIABLE = YES;
				IPHONEOS_DEPLOYMENT_TARGET = 13.0;
				MTL_ENABLE_DEBUG_INFO = NO;
				MTL_FAST_MATH = YES;
				SDKROOT = iphoneos;
				SWIFT_COMPILATION_MODE = wholemodule;
				SWIFT_OPTIMIZATION_LEVEL = "-O";
				VALIDATE_PRODUCT = YES;
			};
			name = Release;
		};
		8363A4F02346204A007AFB51 /* Debug */ = {
			isa = XCBuildConfiguration;
			buildSettings = {
				ASSETCATALOG_COMPILER_APPICON_NAME = AppIcon;
				CODE_SIGN_STYLE = Automatic;
				DEVELOPMENT_TEAM = K6PAAYN46V;
				INFOPLIST_FILE = Homework/Info.plist;
				IPHONEOS_DEPLOYMENT_TARGET = 13.0;
				LD_RUNPATH_SEARCH_PATHS = (
					"$(inherited)",
					"@executable_path/Frameworks",
				);
				PRODUCT_BUNDLE_IDENTIFIER = IosLab.Homework;
				PRODUCT_NAME = "$(TARGET_NAME)";
				SWIFT_VERSION = 5.0;
				TARGETED_DEVICE_FAMILY = "1,2";
			};
			name = Debug;
		};
		8363A4F12346204A007AFB51 /* Release */ = {
			isa = XCBuildConfiguration;
			buildSettings = {
				ASSETCATALOG_COMPILER_APPICON_NAME = AppIcon;
				CODE_SIGN_STYLE = Automatic;
				DEVELOPMENT_TEAM = K6PAAYN46V;
				INFOPLIST_FILE = Homework/Info.plist;
				IPHONEOS_DEPLOYMENT_TARGET = 13.0;
				LD_RUNPATH_SEARCH_PATHS = (
					"$(inherited)",
					"@executable_path/Frameworks",
				);
				PRODUCT_BUNDLE_IDENTIFIER = IosLab.Homework;
				PRODUCT_NAME = "$(TARGET_NAME)";
				SWIFT_VERSION = 5.0;
				TARGETED_DEVICE_FAMILY = "1,2";
			};
			name = Release;
		};
/* End XCBuildConfiguration section */

/* Begin XCConfigurationList section */
		8363A4D623462043007AFB51 /* Build configuration list for PBXProject "Homework" */ = {
			isa = XCConfigurationList;
			buildConfigurations = (
				8363A4ED2346204A007AFB51 /* Debug */,
				8363A4EE2346204A007AFB51 /* Release */,
			);
			defaultConfigurationIsVisible = 0;
			defaultConfigurationName = Release;
		};
		8363A4EF2346204A007AFB51 /* Build configuration list for PBXNativeTarget "Homework" */ = {
			isa = XCConfigurationList;
			buildConfigurations = (
				8363A4F02346204A007AFB51 /* Debug */,
				8363A4F12346204A007AFB51 /* Release */,
			);
			defaultConfigurationIsVisible = 0;
			defaultConfigurationName = Release;
		};
/* End XCConfigurationList section */
	};
	rootObject = 8363A4D323462043007AFB51 /* Project object */;
}
